<?xml version="1.0" encoding="UTF-8"?>
<Scheme
   LastUpgradeVersion = "2600"
   version = "1.7">
   <BuildAction
      parallelizeBuildables = "YES"
      buildImplicitDependencies = "YES">
      <BuildActionEntries>
         <BuildActionEntry
            buildForTesting = "YES"
            buildForRunning = "YES"
            buildForProfiling = "YES"
            buildForArchiving = "YES"
            buildForAnalyzing = "YES">
            <BuildableReference
               BuildableIdentifier = "primary"
               BlueprintIdentifier = "A1000008000000000000001"
               BuildableName = "OpenPdfEdit.app"
               BlueprintName = "OpenPdfEdit"
               ReferencedContainer = "container:OpenPdfEdit.xcodeproj">
            </BuildableReference>
         </BuildActionEntry>
      </BuildActionEntries>
   </BuildAction>
   <TestAction
      buildConfiguration = "Debug"
      selectedDebuggerIdentifier = "Xcode.DebuggerFoundation.Debugger.LLDB"
      selectedLauncherIdentifier = "Xcode.DebuggerFoundation.Launcher.LLDB"
      shouldUseLaunchSchemeArgsEnv = "YES">
      <!-- The local product catalogue. Without it, StoreKit in the
           simulator asks the real App Store about products that only exist
           in App Store Connect once there is a paid developer account —
           and answers with nothing. -->
      <StoreKitConfigurationFileReference
         identifier = "../../../Products.storekit">
      </StoreKitConfigurationFileReference>
      <Testables>
         <TestableReference
            skipped = "NO">
            <BuildableReference
               BuildableIdentifier = "primary"
               BlueprintIdentifier = "A1000024000000000000001"
               BuildableName = "OpenPdfEditTests.xctest"
               BlueprintName = "OpenPdfEditTests"
               ReferencedContainer = "container:OpenPdfEdit.xcodeproj">
            </BuildableReference>
         </TestableReference>
      </Testables>
   </TestAction>
   <LaunchAction
      buildConfiguration = "Debug"
      selectedDebuggerIdentifier = "Xcode.DebuggerFoundation.Debugger.LLDB"
      selectedLauncherIdentifier = "Xcode.DebuggerFoundation.Launcher.LLDB"
      launchStyle = "0"
      useCustomWorkingDirectory = "NO"
      ignoresPersistentStateOnLaunch = "NO"
      debugDocumentVersioning = "YES"
      debugServiceExtension = "internal"
      allowLocationSimulation = "YES">
      <!-- Same file when running by hand, so the purchase sheet works in
           the simulator with no account and no money. -->
      <StoreKitConfigurationFileReference
         identifier = "../../../Products.storekit">
      </StoreKitConfigurationFileReference>
      <BuildableProductRunnable
         runnableDebuggingMode = "0">
         <BuildableReference
            BuildableIdentifier = "primary"
            BlueprintIdentifier = "A1000008000000000000001"
            BuildableName = "OpenPdfEdit.app"
            BlueprintName = "OpenPdfEdit"
            ReferencedContainer = "container:OpenPdfEdit.xcodeproj">
         </BuildableReference>
      </BuildableProductRunnable>
   </LaunchAction>
   <ProfileAction
      buildConfiguration = "Release"
      shouldUseLaunchSchemeArgsEnv = "YES"
      savedToolIdentifier = ""
      useCustomWorkingDirectory = "NO"
      debugDocumentVersioning = "YES">
      <BuildableProductRunnable
         runnableDebuggingMode = "0">
         <BuildableReference
            BuildableIdentifier = "primary"
            BlueprintIdentifier = "A1000008000000000000001"
            BuildableName = "OpenPdfEdit.app"
            BlueprintName = "OpenPdfEdit"
            ReferencedContainer = "container:OpenPdfEdit.xcodeproj">
         </BuildableReference>
      </BuildableProductRunnable>
   </ProfileAction>
   <AnalyzeAction
      buildConfiguration = "Debug">
   </AnalyzeAction>
   <ArchiveAction
      buildConfiguration = "Release"
      revealArchiveInOrganizer = "YES">
   </ArchiveAction>
</Scheme>
