// !$*UTF8*$!
{
	archiveVersion = 1;
	classes = {
	};
	objectVersion = 77;
	objects = {

/* Begin PBXBuildFile section */
		A1000001000000000000001 /* www in Resources */ = {isa = PBXBuildFile; fileRef = A1000002000000000000001 /* www */; };
		A1000020000000000000001 /* Products.storekit in Resources */ = {isa = PBXBuildFile; fileRef = A1000003000000000000001 /* Products.storekit */; };
/* End PBXBuildFile section */

/* Begin PBXFileReference section */
		A1000000000000000000001 /* OpenPdfEdit.app */ = {isa = PBXFileReference; explicitFileType = wrapper.application; includeInIndex = 0; path = OpenPdfEdit.app; sourceTree = BUILT_PRODUCTS_DIR; };
		A1000002000000000000001 /* www */ = {isa = PBXFileReference; lastKnownFileType = folder; path = www; sourceTree = "<group>"; };
		A1000003000000000000001 /* Products.storekit */ = {isa = PBXFileReference; lastKnownFileType = text.json; path = Products.storekit; sourceTree = "<group>"; };
		A1000021000000000000001 /* OpenPdfEditTests.xctest */ = {isa = PBXFileReference; explicitFileType = wrapper.cfbundle; includeInIndex = 0; path = OpenPdfEditTests.xctest; sourceTree = BUILT_PRODUCTS_DIR; };
/* End PBXFileReference section */

/* Begin PBXFileSystemSynchronizedBuildFileExceptionSet section */
		A1000012000000000000001 /* Exceptions for "OpenPdfEdit" folder in "OpenPdfEdit" target */ = {
			isa = PBXFileSystemSynchronizedBuildFileExceptionSet;
			membershipExceptions = (
				Info.plist,
			);
			target = A1000008000000000000001 /* OpenPdfEdit */;
		};
/* End PBXFileSystemSynchronizedBuildFileExceptionSet section */

/* Begin PBXFileSystemSynchronizedRootGroup section */
		A1000004000000000000001 /* OpenPdfEdit */ = {
			isa = PBXFileSystemSynchronizedRootGroup;
			exceptions = (
				A1000012000000000000001 /* Exceptions for "OpenPdfEdit" folder in "OpenPdfEdit" target */,
			);
			path = OpenPdfEdit;
			sourceTree = "<group>";
		};
		A1000022000000000000001 /* OpenPdfEditTests */ = {isa = PBXFileSystemSynchronizedRootGroup; path = OpenPdfEditTests; sourceTree = "<group>"; };
/* End PBXFileSystemSynchronizedRootGroup section */

/* Begin PBXFrameworksBuildPhase section */
		A1000005000000000000001 /* Frameworks */ = {
			isa = PBXFrameworksBuildPhase;
			buildActionMask = 2147483647;
			files = (
			);
			runOnlyForDeploymentPostprocessing = 0;
		};
		A1000023000000000000001 /* Frameworks */ = {
			isa = PBXFrameworksBuildPhase;
			buildActionMask = 2147483647;
			files = (
			);
			runOnlyForDeploymentPostprocessing = 0;
		};
/* End PBXFrameworksBuildPhase section */

/* Begin PBXGroup section */
		A1000006000000000000001 = {
			isa = PBXGroup;
			children = (
				A1000004000000000000001 /* OpenPdfEdit */,
				A1000022000000000000001 /* OpenPdfEditTests */,
				A1000002000000000000001 /* www */,
				A1000003000000000000001 /* Products.storekit */,
				A1000007000000000000001 /* Products */,
			);
			sourceTree = "<group>";
		};
		A1000007000000000000001 /* Products */ = {
			isa = PBXGroup;
			children = (
				A1000000000000000000001 /* OpenPdfEdit.app */,
				A1000021000000000000001 /* OpenPdfEditTests.xctest */,
			);
			name = Products;
			sourceTree = "<group>";
		};
/* End PBXGroup section */

/* Begin PBXNativeTarget section */
		A1000008000000000000001 /* OpenPdfEdit */ = {
			isa = PBXNativeTarget;
			buildConfigurationList = A1000009000000000000001 /* Build configuration list for PBXNativeTarget "OpenPdfEdit" */;
			buildPhases = (
				A100000A000000000000001 /* Sources */,
				A1000005000000000000001 /* Frameworks */,
				A100000B000000000000001 /* Resources */,
			);
			buildRules = (
			);
			dependencies = (
			);
			fileSystemSynchronizedGroups = (
				A1000004000000000000001 /* OpenPdfEdit */,
			);
			name = OpenPdfEdit;
			productName = OpenPdfEdit;
			productReference = A1000000000000000000001 /* OpenPdfEdit.app */;
			productType = "com.apple.product-type.application";
		};
		A1000024000000000000001 /* OpenPdfEditTests */ = {
			isa = PBXNativeTarget;
			buildConfigurationList = A1000025000000000000001 /* Build configuration list for PBXNativeTarget "OpenPdfEditTests" */;
			buildPhases = (
				A1000026000000000000001 /* Sources */,
				A1000023000000000000001 /* Frameworks */,
				A1000027000000000000001 /* Resources */,
			);
			buildRules = (
			);
			dependencies = (
				A1000028000000000000001 /* PBXTargetDependency */,
			);
			fileSystemSynchronizedGroups = (
				A1000022000000000000001 /* OpenPdfEditTests */,
			);
			name = OpenPdfEditTests;
			productName = OpenPdfEditTests;
			productReference = A1000021000000000000001 /* OpenPdfEditTests.xctest */;
			productType = "com.apple.product-type.bundle.unit-test";
		};
/* End PBXNativeTarget section */

/* Begin PBXProject section */
		A100000C000000000000001 /* Project object */ = {
			isa = PBXProject;
			attributes = {
				BuildIndependentTargetsInParallel = 1;
				LastSwiftUpdateCheck = 2600;
				LastUpgradeCheck = 2600;
				TargetAttributes = {
					A1000008000000000000001 = {
						CreatedOnToolsVersion = 26.0;
					};
					A1000024000000000000001 = {
						CreatedOnToolsVersion = 26.0;
						TestTargetID = A1000008000000000000001;
					};
				};
			};
			buildConfigurationList = A100000D000000000000001 /* Build configuration list for PBXProject "OpenPdfEdit" */;
			developmentRegion = en;
			hasScannedForEncodings = 0;
			knownRegions = (
				en,
				Base,
			);
			mainGroup = A1000006000000000000001;
			minimizedProjectReferenceProxies = 1;
			preferredProjectObjectVersion = 77;
			productRefGroup = A1000007000000000000001 /* Products */;
			projectDirPath = "";
			projectRoot = "";
			targets = (
				A1000008000000000000001 /* OpenPdfEdit */,
				A1000024000000000000001 /* OpenPdfEditTests */,
			);
		};
/* End PBXProject section */

/* Begin PBXResourcesBuildPhase section */
		A100000B000000000000001 /* Resources */ = {
			isa = PBXResourcesBuildPhase;
			buildActionMask = 2147483647;
			files = (
				A1000001000000000000001 /* www in Resources */,
			);
			runOnlyForDeploymentPostprocessing = 0;
		};
		A1000027000000000000001 /* Resources */ = {
			isa = PBXResourcesBuildPhase;
			buildActionMask = 2147483647;
			files = (
				A1000020000000000000001 /* Products.storekit in Resources */,
			);
			runOnlyForDeploymentPostprocessing = 0;
		};
/* End PBXResourcesBuildPhase section */

/* Begin PBXSourcesBuildPhase section */
		A100000A000000000000001 /* Sources */ = {
			isa = PBXSourcesBuildPhase;
			buildActionMask = 2147483647;
			files = (
			);
			runOnlyForDeploymentPostprocessing = 0;
		};
		A1000026000000000000001 /* Sources */ = {
			isa = PBXSourcesBuildPhase;
			buildActionMask = 2147483647;
			files = (
			);
			runOnlyForDeploymentPostprocessing = 0;
		};
/* End PBXSourcesBuildPhase section */

/* Begin PBXTargetDependency section */
		A1000028000000000000001 /* PBXTargetDependency */ = {
			isa = PBXTargetDependency;
			target = A1000008000000000000001 /* OpenPdfEdit */;
			targetProxy = A1000029000000000000001 /* PBXContainerItemProxy */;
		};
/* End PBXTargetDependency section */

/* Begin PBXContainerItemProxy section */
		A1000029000000000000001 /* PBXContainerItemProxy */ = {
			isa = PBXContainerItemProxy;
			containerPortal = A100000C000000000000001 /* Project object */;
			proxyType = 1;
			remoteGlobalIDString = A1000008000000000000001;
			remoteInfo = OpenPdfEdit;
		};
/* End PBXContainerItemProxy section */

/* Begin XCBuildConfiguration section */
		A100000E000000000000001 /* Debug */ = {
			isa = XCBuildConfiguration;
			buildSettings = {
				ALWAYS_SEARCH_USER_PATHS = NO;
				CLANG_ENABLE_OBJC_WEAK = YES;
				CLANG_WARN_DOCUMENTATION_COMMENTS = YES;
				COPY_PHASE_STRIP = NO;
				DEBUG_INFORMATION_FORMAT = dwarf;
				ENABLE_STRICT_OBJC_MSGSEND = YES;
				ENABLE_TESTABILITY = YES;
				ENABLE_USER_SCRIPT_SANDBOXING = YES;
				GCC_NO_COMMON_BLOCKS = YES;
				GCC_OPTIMIZATION_LEVEL = 0;
				GCC_PREPROCESSOR_DEFINITIONS = (
					"DEBUG=1",
					"$(inherited)",
				);
				IPHONEOS_DEPLOYMENT_TARGET = 17.0;
				MTL_ENABLE_DEBUG_INFO = INCLUDE_SOURCE;
				ONLY_ACTIVE_ARCH = YES;
				SDKROOT = iphoneos;
				SWIFT_ACTIVE_COMPILATION_CONDITIONS = "DEBUG $(inherited)";
				SWIFT_OPTIMIZATION_LEVEL = "-Onone";
				SWIFT_VERSION = 5.0;
			};
			name = Debug;
		};
		A100000F000000000000001 /* Release */ = {
			isa = XCBuildConfiguration;
			buildSettings = {
				ALWAYS_SEARCH_USER_PATHS = NO;
				CLANG_ENABLE_OBJC_WEAK = YES;
				CLANG_WARN_DOCUMENTATION_COMMENTS = YES;
				COPY_PHASE_STRIP = NO;
				DEBUG_INFORMATION_FORMAT = "dwarf-with-dsym";
				ENABLE_NS_ASSERTIONS = NO;
				ENABLE_STRICT_OBJC_MSGSEND = YES;
				ENABLE_USER_SCRIPT_SANDBOXING = YES;
				GCC_NO_COMMON_BLOCKS = YES;
				IPHONEOS_DEPLOYMENT_TARGET = 17.0;
				MTL_ENABLE_DEBUG_INFO = NO;
				SDKROOT = iphoneos;
				SWIFT_COMPILATION_MODE = wholemodule;
				SWIFT_VERSION = 5.0;
				VALIDATE_PRODUCT = YES;
			};
			name = Release;
		};
		A1000010000000000000001 /* Debug */ = {
			isa = XCBuildConfiguration;
			buildSettings = {
				ASSETCATALOG_COMPILER_APPICON_NAME = AppIcon;
				ASSETCATALOG_COMPILER_GLOBAL_ACCENT_COLOR_NAME = "";
				CODE_SIGN_STYLE = Automatic;
				CURRENT_PROJECT_VERSION = 1;
				DEVELOPMENT_TEAM = "";
				ENABLE_PREVIEWS = YES;
				GENERATE_INFOPLIST_FILE = NO;
				INFOPLIST_FILE = OpenPdfEdit/Info.plist;
				LD_RUNPATH_SEARCH_PATHS = (
					"$(inherited)",
					"@executable_path/Frameworks",
				);
				MARKETING_VERSION = 0.1.10;
				PRODUCT_BUNDLE_IDENTIFIER = com.openpdfedit.app;
				PRODUCT_NAME = "$(TARGET_NAME)";
				SWIFT_EMIT_LOC_STRINGS = YES;
				TARGETED_DEVICE_FAMILY = "1,2";
			};
			name = Debug;
		};
		A1000011000000000000001 /* Release */ = {
			isa = XCBuildConfiguration;
			buildSettings = {
				ASSETCATALOG_COMPILER_APPICON_NAME = AppIcon;
				ASSETCATALOG_COMPILER_GLOBAL_ACCENT_COLOR_NAME = "";
				CODE_SIGN_STYLE = Automatic;
				CURRENT_PROJECT_VERSION = 1;
				DEVELOPMENT_TEAM = "";
				ENABLE_PREVIEWS = YES;
				GENERATE_INFOPLIST_FILE = NO;
				INFOPLIST_FILE = OpenPdfEdit/Info.plist;
				LD_RUNPATH_SEARCH_PATHS = (
					"$(inherited)",
					"@executable_path/Frameworks",
				);
				MARKETING_VERSION = 0.1.10;
				PRODUCT_BUNDLE_IDENTIFIER = com.openpdfedit.app;
				PRODUCT_NAME = "$(TARGET_NAME)";
				SWIFT_EMIT_LOC_STRINGS = YES;
				TARGETED_DEVICE_FAMILY = "1,2";
			};
			name = Release;
		};
		A100002A000000000000001 /* Debug */ = {
			isa = XCBuildConfiguration;
			buildSettings = {
				BUNDLE_LOADER = "$(TEST_HOST)";
				CODE_SIGN_STYLE = Automatic;
				CURRENT_PROJECT_VERSION = 1;
				GENERATE_INFOPLIST_FILE = YES;
				MARKETING_VERSION = 0.1.10;
				PRODUCT_BUNDLE_IDENTIFIER = com.openpdfedit.app.tests;
				PRODUCT_NAME = "$(TARGET_NAME)";
				SWIFT_EMIT_LOC_STRINGS = NO;
				TARGETED_DEVICE_FAMILY = "1,2";
				TEST_HOST = "$(BUILT_PRODUCTS_DIR)/OpenPdfEdit.app/$(BUNDLE_EXECUTABLE_FOLDER_PATH)/OpenPdfEdit";
			};
			name = Debug;
		};
		A100002B000000000000001 /* Release */ = {
			isa = XCBuildConfiguration;
			buildSettings = {
				BUNDLE_LOADER = "$(TEST_HOST)";
				CODE_SIGN_STYLE = Automatic;
				CURRENT_PROJECT_VERSION = 1;
				GENERATE_INFOPLIST_FILE = YES;
				MARKETING_VERSION = 0.1.10;
				PRODUCT_BUNDLE_IDENTIFIER = com.openpdfedit.app.tests;
				PRODUCT_NAME = "$(TARGET_NAME)";
				SWIFT_EMIT_LOC_STRINGS = NO;
				TARGETED_DEVICE_FAMILY = "1,2";
				TEST_HOST = "$(BUILT_PRODUCTS_DIR)/OpenPdfEdit.app/$(BUNDLE_EXECUTABLE_FOLDER_PATH)/OpenPdfEdit";
			};
			name = Release;
		};
/* End XCBuildConfiguration section */

/* Begin XCConfigurationList section */
		A100000D000000000000001 /* Build configuration list for PBXProject "OpenPdfEdit" */ = {
			isa = XCConfigurationList;
			buildConfigurations = (
				A100000E000000000000001 /* Debug */,
				A100000F000000000000001 /* Release */,
			);
			defaultConfigurationIsVisible = 0;
			defaultConfigurationName = Release;
		};
		A1000009000000000000001 /* Build configuration list for PBXNativeTarget "OpenPdfEdit" */ = {
			isa = XCConfigurationList;
			buildConfigurations = (
				A1000010000000000000001 /* Debug */,
				A1000011000000000000001 /* Release */,
			);
			defaultConfigurationIsVisible = 0;
			defaultConfigurationName = Release;
		};
		A1000025000000000000001 /* Build configuration list for PBXNativeTarget "OpenPdfEditTests" */ = {
			isa = XCConfigurationList;
			buildConfigurations = (
				A100002A000000000000001 /* Debug */,
				A100002B000000000000001 /* Release */,
			);
			defaultConfigurationIsVisible = 0;
			defaultConfigurationName = Release;
		};
/* End XCConfigurationList section */
	};
	rootObject = A100000C000000000000001 /* Project object */;
}
